
Microsoft Visual Studio Solution File, Format Version 12.00
# Visual Studio 14
VisualStudioVersion = 14.0.23107.0
MinimumVisualStudioVersion = 10.0.40219.1
Project("{FAE04EC0-301F-11D3-BF4B-00C04F79EFBC}") = "Harriet", "Harriet\Harriet.csproj", "{70FD7D38-BB41-4396-9A9F-DF2665762F4D}"
EndProject
Project("{FAE04EC0-301F-11D3-BF4B-00C04F79EFBC}") = "DummyCharacterImplement", "DummyCharacterImplement\DummyCharacterImplement.csproj", "{C52830DE-8780-4384-9B23-26DBEA0BD004}"
EndProject
Project("{FAE04EC0-301F-11D3-BF4B-00C04F79EFBC}") = "HarrietCharacterInterface", "HarrietCharacterInterface\HarrietCharacterInterface.csproj", "{43F7EE6E-A2E8-48E9-997A-80B059768F6C}"
EndProject
Project("{FAE04EC0-301F-11D3-BF4B-00C04F79EFBC}") = "SimpleImageCharacter", "SimpleImageCharacter\SimpleImageCharacter.csproj", "{80F180F6-EFEA-4409-8352-D5B22CD1E108}"
EndProject
Project("{FAE04EC0-301F-11D3-BF4B-00C04F79EFBC}") = "HarrietModelInterface", "HarrietModelInterface\HarrietModelInterface.csproj", "{2E3998F6-8FD5-4E1F-B5FA-523B6B8B08CB}"
EndProject
Project("{FAE04EC0-301F-11D3-BF4B-00C04F79EFBC}") = "MecabTextConverter", "MecabTextConverter\MecabTextConverter.csproj", "{EB78915E-AD83-4F39-929D-A59EF7E2A422}"
EndProject
Project("{FAE04EC0-301F-11D3-BF4B-00C04F79EFBC}") = "TestMecabTextConverter", "TestMecabTextConverter\TestMecabTextConverter.csproj", "{0E23618A-1778-4816-A469-9AE021C734B3}"
EndProject
Project("{FAE04EC0-301F-11D3-BF4B-00C04F79EFBC}") = "SimpleXamlCharacter", "SimpleXamlCharacter\SimpleXamlCharacter.csproj", "{D2C853B9-8F04-46FE-B81A-F1ED205BDBDA}"
EndProject
Global
	GlobalSection(SolutionConfigurationPlatforms) = preSolution
		Debug|Any CPU = Debug|Any CPU
		Debug|Mixed Platforms = Debug|Mixed Platforms
		Debug|x86 = Debug|x86
		Release|Any CPU = Release|Any CPU
		Release|Mixed Platforms = Release|Mixed Platforms
		Release|x86 = Release|x86
	EndGlobalSection
	GlobalSection(ProjectConfigurationPlatforms) = postSolution
		{70FD7D38-BB41-4396-9A9F-DF2665762F4D}.Debug|Any CPU.ActiveCfg = Debug|x86
		{70FD7D38-BB41-4396-9A9F-DF2665762F4D}.Debug|Any CPU.Build.0 = Debug|x86
		{70FD7D38-BB41-4396-9A9F-DF2665762F4D}.Debug|Mixed Platforms.ActiveCfg = Debug|x86
		{70FD7D38-BB41-4396-9A9F-DF2665762F4D}.Debug|Mixed Platforms.Build.0 = Debug|x86
		{70FD7D38-BB41-4396-9A9F-DF2665762F4D}.Debug|x86.ActiveCfg = Debug|x86
		{70FD7D38-BB41-4396-9A9F-DF2665762F4D}.Debug|x86.Build.0 = Debug|x86
		{70FD7D38-BB41-4396-9A9F-DF2665762F4D}.Release|Any CPU.ActiveCfg = Release|x86
		{70FD7D38-BB41-4396-9A9F-DF2665762F4D}.Release|Any CPU.Build.0 = Release|x86
		{70FD7D38-BB41-4396-9A9F-DF2665762F4D}.Release|Mixed Platforms.ActiveCfg = Release|x86
		{70FD7D38-BB41-4396-9A9F-DF2665762F4D}.Release|Mixed Platforms.Build.0 = Release|x86
		{70FD7D38-BB41-4396-9A9F-DF2665762F4D}.Release|x86.ActiveCfg = Release|x86
		{70FD7D38-BB41-4396-9A9F-DF2665762F4D}.Release|x86.Build.0 = Release|x86
		{C52830DE-8780-4384-9B23-26DBEA0BD004}.Debug|Any CPU.ActiveCfg = Debug|Any CPU
		{C52830DE-8780-4384-9B23-26DBEA0BD004}.Debug|Any CPU.Build.0 = Debug|Any CPU
		{C52830DE-8780-4384-9B23-26DBEA0BD004}.Debug|Mixed Platforms.ActiveCfg = Debug|Any CPU
		{C52830DE-8780-4384-9B23-26DBEA0BD004}.Debug|Mixed Platforms.Build.0 = Debug|Any CPU
		{C52830DE-8780-4384-9B23-26DBEA0BD004}.Debug|x86.ActiveCfg = Debug|Any CPU
		{C52830DE-8780-4384-9B23-26DBEA0BD004}.Release|Any CPU.ActiveCfg = Release|Any CPU
		{C52830DE-8780-4384-9B23-26DBEA0BD004}.Release|Mixed Platforms.ActiveCfg = Release|Any CPU
		{C52830DE-8780-4384-9B23-26DBEA0BD004}.Release|Mixed Platforms.Build.0 = Release|Any CPU
		{C52830DE-8780-4384-9B23-26DBEA0BD004}.Release|x86.ActiveCfg = Release|Any CPU
		{43F7EE6E-A2E8-48E9-997A-80B059768F6C}.Debug|Any CPU.ActiveCfg = Debug|Any CPU
		{43F7EE6E-A2E8-48E9-997A-80B059768F6C}.Debug|Any CPU.Build.0 = Debug|Any CPU
		{43F7EE6E-A2E8-48E9-997A-80B059768F6C}.Debug|Mixed Platforms.ActiveCfg = Debug|Any CPU
		{43F7EE6E-A2E8-48E9-997A-80B059768F6C}.Debug|Mixed Platforms.Build.0 = Debug|Any CPU
		{43F7EE6E-A2E8-48E9-997A-80B059768F6C}.Debug|x86.ActiveCfg = Debug|Any CPU
		{43F7EE6E-A2E8-48E9-997A-80B059768F6C}.Release|Any CPU.ActiveCfg = Release|Any CPU
		{43F7EE6E-A2E8-48E9-997A-80B059768F6C}.Release|Any CPU.Build.0 = Release|Any CPU
		{43F7EE6E-A2E8-48E9-997A-80B059768F6C}.Release|Mixed Platforms.ActiveCfg = Release|Any CPU
		{43F7EE6E-A2E8-48E9-997A-80B059768F6C}.Release|Mixed Platforms.Build.0 = Release|Any CPU
		{43F7EE6E-A2E8-48E9-997A-80B059768F6C}.Release|x86.ActiveCfg = Release|Any CPU
		{80F180F6-EFEA-4409-8352-D5B22CD1E108}.Debug|Any CPU.ActiveCfg = Debug|Any CPU
		{80F180F6-EFEA-4409-8352-D5B22CD1E108}.Debug|Any CPU.Build.0 = Debug|Any CPU
		{80F180F6-EFEA-4409-8352-D5B22CD1E108}.Debug|Mixed Platforms.ActiveCfg = Debug|Any CPU
		{80F180F6-EFEA-4409-8352-D5B22CD1E108}.Debug|Mixed Platforms.Build.0 = Debug|Any CPU
		{80F180F6-EFEA-4409-8352-D5B22CD1E108}.Debug|x86.ActiveCfg = Debug|Any CPU
		{80F180F6-EFEA-4409-8352-D5B22CD1E108}.Release|Any CPU.ActiveCfg = Release|Any CPU
		{80F180F6-EFEA-4409-8352-D5B22CD1E108}.Release|Mixed Platforms.ActiveCfg = Release|Any CPU
		{80F180F6-EFEA-4409-8352-D5B22CD1E108}.Release|Mixed Platforms.Build.0 = Release|Any CPU
		{80F180F6-EFEA-4409-8352-D5B22CD1E108}.Release|x86.ActiveCfg = Release|Any CPU
		{2E3998F6-8FD5-4E1F-B5FA-523B6B8B08CB}.Debug|Any CPU.ActiveCfg = Debug|Any CPU
		{2E3998F6-8FD5-4E1F-B5FA-523B6B8B08CB}.Debug|Any CPU.Build.0 = Debug|Any CPU
		{2E3998F6-8FD5-4E1F-B5FA-523B6B8B08CB}.Debug|Mixed Platforms.ActiveCfg = Debug|Any CPU
		{2E3998F6-8FD5-4E1F-B5FA-523B6B8B08CB}.Debug|Mixed Platforms.Build.0 = Debug|Any CPU
		{2E3998F6-8FD5-4E1F-B5FA-523B6B8B08CB}.Debug|x86.ActiveCfg = Debug|Any CPU
		{2E3998F6-8FD5-4E1F-B5FA-523B6B8B08CB}.Debug|x86.Build.0 = Debug|Any CPU
		{2E3998F6-8FD5-4E1F-B5FA-523B6B8B08CB}.Release|Any CPU.ActiveCfg = Release|Any CPU
		{2E3998F6-8FD5-4E1F-B5FA-523B6B8B08CB}.Release|Any CPU.Build.0 = Release|Any CPU
		{2E3998F6-8FD5-4E1F-B5FA-523B6B8B08CB}.Release|Mixed Platforms.ActiveCfg = Release|Any CPU
		{2E3998F6-8FD5-4E1F-B5FA-523B6B8B08CB}.Release|Mixed Platforms.Build.0 = Release|Any CPU
		{2E3998F6-8FD5-4E1F-B5FA-523B6B8B08CB}.Release|x86.ActiveCfg = Release|Any CPU
		{2E3998F6-8FD5-4E1F-B5FA-523B6B8B08CB}.Release|x86.Build.0 = Release|Any CPU
		{EB78915E-AD83-4F39-929D-A59EF7E2A422}.Debug|Any CPU.ActiveCfg = Debug|Any CPU
		{EB78915E-AD83-4F39-929D-A59EF7E2A422}.Debug|Any CPU.Build.0 = Debug|Any CPU
		{EB78915E-AD83-4F39-929D-A59EF7E2A422}.Debug|Mixed Platforms.ActiveCfg = Debug|Any CPU
		{EB78915E-AD83-4F39-929D-A59EF7E2A422}.Debug|Mixed Platforms.Build.0 = Debug|Any CPU
		{EB78915E-AD83-4F39-929D-A59EF7E2A422}.Debug|x86.ActiveCfg = Debug|Any CPU
		{EB78915E-AD83-4F39-929D-A59EF7E2A422}.Debug|x86.Build.0 = Debug|Any CPU
		{EB78915E-AD83-4F39-929D-A59EF7E2A422}.Release|Any CPU.ActiveCfg = Release|Any CPU
		{EB78915E-AD83-4F39-929D-A59EF7E2A422}.Release|Any CPU.Build.0 = Release|Any CPU
		{EB78915E-AD83-4F39-929D-A59EF7E2A422}.Release|Mixed Platforms.ActiveCfg = Release|Any CPU
		{EB78915E-AD83-4F39-929D-A59EF7E2A422}.Release|Mixed Platforms.Build.0 = Release|Any CPU
		{EB78915E-AD83-4F39-929D-A59EF7E2A422}.Release|x86.ActiveCfg = Release|Any CPU
		{EB78915E-AD83-4F39-929D-A59EF7E2A422}.Release|x86.Build.0 = Release|Any CPU
		{0E23618A-1778-4816-A469-9AE021C734B3}.Debug|Any CPU.ActiveCfg = Debug|Any CPU
		{0E23618A-1778-4816-A469-9AE021C734B3}.Debug|Any CPU.Build.0 = Debug|Any CPU
		{0E23618A-1778-4816-A469-9AE021C734B3}.Debug|Mixed Platforms.ActiveCfg = Debug|Any CPU
		{0E23618A-1778-4816-A469-9AE021C734B3}.Debug|Mixed Platforms.Build.0 = Debug|Any CPU
		{0E23618A-1778-4816-A469-9AE021C734B3}.Debug|x86.ActiveCfg = Debug|Any CPU
		{0E23618A-1778-4816-A469-9AE021C734B3}.Debug|x86.Build.0 = Debug|Any CPU
		{0E23618A-1778-4816-A469-9AE021C734B3}.Release|Any CPU.ActiveCfg = Release|Any CPU
		{0E23618A-1778-4816-A469-9AE021C734B3}.Release|Any CPU.Build.0 = Release|Any CPU
		{0E23618A-1778-4816-A469-9AE021C734B3}.Release|Mixed Platforms.ActiveCfg = Release|Any CPU
		{0E23618A-1778-4816-A469-9AE021C734B3}.Release|Mixed Platforms.Build.0 = Release|Any CPU
		{0E23618A-1778-4816-A469-9AE021C734B3}.Release|x86.ActiveCfg = Release|Any CPU
		{0E23618A-1778-4816-A469-9AE021C734B3}.Release|x86.Build.0 = Release|Any CPU
		{D2C853B9-8F04-46FE-B81A-F1ED205BDBDA}.Debug|Any CPU.ActiveCfg = Debug|Any CPU
		{D2C853B9-8F04-46FE-B81A-F1ED205BDBDA}.Debug|Any CPU.Build.0 = Debug|Any CPU
		{D2C853B9-8F04-46FE-B81A-F1ED205BDBDA}.Debug|Mixed Platforms.ActiveCfg = Debug|Any CPU
		{D2C853B9-8F04-46FE-B81A-F1ED205BDBDA}.Debug|Mixed Platforms.Build.0 = Debug|Any CPU
		{D2C853B9-8F04-46FE-B81A-F1ED205BDBDA}.Debug|x86.ActiveCfg = Debug|Any CPU
		{D2C853B9-8F04-46FE-B81A-F1ED205BDBDA}.Debug|x86.Build.0 = Debug|Any CPU
		{D2C853B9-8F04-46FE-B81A-F1ED205BDBDA}.Release|Any CPU.ActiveCfg = Release|Any CPU
		{D2C853B9-8F04-46FE-B81A-F1ED205BDBDA}.Release|Any CPU.Build.0 = Release|Any CPU
		{D2C853B9-8F04-46FE-B81A-F1ED205BDBDA}.Release|Mixed Platforms.ActiveCfg = Release|Any CPU
		{D2C853B9-8F04-46FE-B81A-F1ED205BDBDA}.Release|Mixed Platforms.Build.0 = Release|Any CPU
		{D2C853B9-8F04-46FE-B81A-F1ED205BDBDA}.Release|x86.ActiveCfg = Release|Any CPU
		{D2C853B9-8F04-46FE-B81A-F1ED205BDBDA}.Release|x86.Build.0 = Release|Any CPU
	EndGlobalSection
	GlobalSection(SolutionProperties) = preSolution
		HideSolutionNode = FALSE
	EndGlobalSection
EndGlobal
